
Microsoft Visual Studio Solution File, Format Version 12.00
# Visual Studio Version 17
VisualStudioVersion = 17.14.36930.0 d17.14
MinimumVisualStudioVersion = 10.0.40219.1
Project("{FAE04EC0-301F-11D3-BF4B-00C04F79EFBC}") = "C#_Fundamentals", "C#_Fundamentals.csproj", "{842CAACE-0FAA-4BEA-A2C9-1AE21EE864CF}"
EndProject
Global
	GlobalSection(SolutionConfigurationPlatforms) = preSolution
		Debug|Any CPU = Debug|Any CPU
		Release|Any CPU = Release|Any CPU
	EndGlobalSection
	GlobalSection(ProjectConfigurationPlatforms) = postSolution
		{842CAACE-0FAA-4BEA-A2C9-1AE21EE864CF}.Debug|Any CPU.ActiveCfg = Debug|Any CPU
		{842CAACE-0FAA-4BEA-A2C9-1AE21EE864CF}.Debug|Any CPU.Build.0 = Debug|Any CPU
		{842CAACE-0FAA-4BEA-A2C9-1AE21EE864CF}.Release|Any CPU.ActiveCfg = Release|Any CPU
		{842CAACE-0FAA-4BEA-A2C9-1AE21EE864CF}.Release|Any CPU.Build.0 = Release|Any CPU
	EndGlobalSection
	GlobalSection(SolutionProperties) = preSolution
		HideSolutionNode = FALSE
	EndGlobalSection
	GlobalSection(ExtensibilityGlobals) = postSolution
		SolutionGuid = {F79D736B-154D-43AD-A22F-82A99F3903FD}
	EndGlobalSection
EndGlobal
